{
    "name": "yerbalito-mcp-server",
    "version": "1.0.0",
    "lockfileVersion": 3,
    "requires": true,
    "packages": {
        "": {
            "name": "yerbalito-mcp-server",
            "version": "1.0.0",
            "dependencies": {
                "@modelcontextprotocol/sdk": "^0.6.1",
                "dotenv": "^16.4.5",
                "mysql2": "^3.11.0"
            }
        },
        "node_modules/@modelcontextprotocol/sdk": {
            "version": "0.6.1",
            "resolved": "https://registry.npmjs.org/@modelcontextprotocol/sdk/-/sdk-0.6.1.tgz",
            "integrity": "sha512-OkVXMix3EIbB5Z6yife2XTrSlOnVvCLR1Kg91I4pYFEsV9RbnoyQVScXCuVhGaZHOnTZgso8lMQN1Po2TadGKQ==",
            "license": "MIT",
            "dependencies": {
                "content-type": "^1.0.5",
                "raw-body": "^3.0.0",
                "zod": "^3.23.8"
            }
        },
        "node_modules/@modelcontextprotocol/sdk/node_modules/iconv-lite": {
            "version": "0.7.0",
            "resolved": "https://registry.npmjs.org/iconv-lite/-/iconv-lite-0.7.0.tgz",
            "integrity": "sha512-cf6L2Ds3h57VVmkZe+Pn+5APsT7FpqJtEhhieDCvrE2MK5Qk9MyffgQyuxQTm6BChfeZNtcOLHp9IcWRVcIcBQ==",
            "license": "MIT",
            "dependencies": {
                "safer-buffer": ">= 2.1.2 < 3.0.0"
            },
            "engines": {
                "node": ">=0.10.0"
            },
            "funding": {
                "type": "opencollective",
                "url": "https://opencollective.com/express"
            }
        },
        "node_modules/@modelcontextprotocol/sdk/node_modules/raw-body": {
            "version": "3.0.1",
            "resolved": "https://registry.npmjs.org/raw-body/-/raw-body-3.0.1.tgz",
            "integrity": "sha512-9G8cA+tuMS75+6G/TzW8OtLzmBDMo8p1JRxN5AZ+LAp8uxGA8V8GZm4GQ4/N5QNQEnLmg6SS7wyuSmbKepiKqA==",
            "license": "MIT",
            "dependencies": {
                "bytes": "3.1.2",
                "http-errors": "2.0.0",
                "iconv-lite": "0.7.0",
                "unpipe": "1.0.0"
            },
            "engines": {
                "node": ">= 0.10"
            }
        },
        "node_modules/aws-ssl-profiles": {
            "version": "1.1.2",
            "resolved": "https://registry.npmjs.org/aws-ssl-profiles/-/aws-ssl-profiles-1.1.2.tgz",
            "integrity": "sha512-NZKeq9AfyQvEeNlN0zSYAaWrmBffJh3IELMZfRpJVWgrpEbtEpnjvzqBPf+mxoI287JohRDoa+/nsfqqiZmF6g==",
            "license": "MIT",
            "engines": {
                "node": ">= 6.0.0"
            }
        },
        "node_modules/bytes": {
            "version": "3.1.2",
            "resolved": "https://registry.npmjs.org/bytes/-/bytes-3.1.2.tgz",
            "integrity": "sha512-/Nf7TyzTx6S3yRJObOAV7956r8cr2+Oj8AC5dt8wSP3BQAoeX58NoHyCU8P8zGkNXStjTSi6fzO6F0pBdcYbEg==",
            "license": "MIT",
            "engines": {
                "node": ">= 0.8"
            }
        },
        "node_modules/content-type": {
            "version": "1.0.5",
            "resolved": "https://registry.npmjs.org/content-type/-/content-type-1.0.5.tgz",
            "integrity": "sha512-nTjqfcBFEipKdXCv4YDQWCfmcLZKm81ldF0pAopTvyrFGVbcR6P/VAAd5G7N+0tTr8QqiU0tFadD6FK4NtJwOA==",
            "license": "MIT",
            "engines": {
                "node": ">= 0.6"
            }
        },
        "node_modules/denque": {
            "version": "2.1.0",
            "resolved": "https://registry.npmjs.org/denque/-/denque-2.1.0.tgz",
            "integrity": "sha512-HVQE3AAb/pxF8fQAoiqpvg9i3evqug3hoiwakOyZAwJm+6vZehbkYXZ0l4JxS+I3QxM97v5aaRNhj8v5oBhekw==",
            "license": "Apache-2.0",
            "engines": {
                "node": ">=0.10"
            }
        },
        "node_modules/depd": {
            "version": "2.0.0",
            "resolved": "https://registry.npmjs.org/depd/-/depd-2.0.0.tgz",
            "integrity": "sha512-g7nH6P6dyDioJogAAGprGpCtVImJhpPk/roCzdb3fIh61/s/nPsfR6onyMwkCAR/OlC3yBC0lESvUoQEAssIrw==",
            "license": "MIT",
            "engines": {
                "node": ">= 0.8"
            }
        },
        "node_modules/dotenv": {
            "version": "16.6.1",
            "resolved": "https://registry.npmjs.org/dotenv/-/dotenv-16.6.1.tgz",
            "integrity": "sha512-uBq4egWHTcTt33a72vpSG0z3HnPuIl6NqYcTrKEg2azoEyl2hpW0zqlxysq2pK9HlDIHyHyakeYaYnSAwd8bow==",
            "license": "BSD-2-Clause",
            "engines": {
                "node": ">=12"
            },
            "funding": {
                "url": "https://dotenvx.com"
            }
        },
        "node_modules/generate-function": {
            "version": "2.3.1",
            "resolved": "https://registry.npmjs.org/generate-function/-/generate-function-2.3.1.tgz",
            "integrity": "sha512-eeB5GfMNeevm/GRYq20ShmsaGcmI81kIX2K9XQx5miC8KdHaC6Jm0qQ8ZNeGOi7wYB8OsdxKs+Y2oVuTFuVwKQ==",
            "license": "MIT",
            "dependencies": {
                "is-property": "^1.0.2"
            }
        },
        "node_modules/http-errors": {
            "version": "2.0.0",
            "resolved": "https://registry.npmjs.org/http-errors/-/http-errors-2.0.0.tgz",
            "integrity": "sha512-FtwrG/euBzaEjYeRqOgly7G0qviiXoJWnvEH2Z1plBdXgbyjv34pHTSb9zoeHMyDy33+DWy5Wt9Wo+TURtOYSQ==",
            "license": "MIT",
            "dependencies": {
                "depd": "2.0.0",
                "inherits": "2.0.4",
                "setprototypeof": "1.2.0",
                "statuses": "2.0.1",
                "toidentifier": "1.0.1"
            },
            "engines": {
                "node": ">= 0.8"
            }
        },
        "node_modules/inherits": {
            "version": "2.0.4",
            "resolved": "https://registry.npmjs.org/inherits/-/inherits-2.0.4.tgz",
            "integrity": "sha512-k/vGaX4/Yla3WzyMCvTQOXYeIHvqOKtnqBduzTHpzpQZzAskKMhZ2K+EnBiSM9zGSoIFeMpXKxa4dYeZIQqewQ==",
            "license": "ISC"
        },
        "node_modules/is-property": {
            "version": "1.0.2",
            "resolved": "https://registry.npmjs.org/is-property/-/is-property-1.0.2.tgz",
            "integrity": "sha512-Ks/IoX00TtClbGQr4TWXemAnktAQvYB7HzcCxDGqEZU6oCmb2INHuOoKxbtR+HFkmYWBKv/dOZtGRiAjDhj92g==",
            "license": "MIT"
        },
        "node_modules/long": {
            "version": "5.3.2",
            "resolved": "https://registry.npmjs.org/long/-/long-5.3.2.tgz",
            "integrity": "sha512-mNAgZ1GmyNhD7AuqnTG3/VQ26o760+ZYBPKjPvugO8+nLbYfX6TVpJPseBvopbdY+qpZ/lKUnmEc1LeZYS3QAA==",
            "license": "Apache-2.0"
        },
        "node_modules/lru-cache": {
            "version": "7.18.3",
            "resolved": "https://registry.npmjs.org/lru-cache/-/lru-cache-7.18.3.tgz",
            "integrity": "sha512-jumlc0BIUrS3qJGgIkWZsyfAM7NCWiBcCDhnd+3NNM5KbBmLTgHVfWBcg6W+rLUsIpzpERPsvwUP7CckAQSOoA==",
            "license": "ISC",
            "engines": {
                "node": ">=12"
            }
        },
        "node_modules/lru.min": {
            "version": "1.1.2",
            "resolved": "https://registry.npmjs.org/lru.min/-/lru.min-1.1.2.tgz",
            "integrity": "sha512-Nv9KddBcQSlQopmBHXSsZVY5xsdlZkdH/Iey0BlcBYggMd4two7cZnKOK9vmy3nY0O5RGH99z1PCeTpPqszUYg==",
            "license": "MIT",
            "engines": {
                "bun": ">=1.0.0",
                "deno": ">=1.30.0",
                "node": ">=8.0.0"
            },
            "funding": {
                "type": "github",
                "url": "https://github.com/sponsors/wellwelwel"
            }
        },
        "node_modules/mysql2": {
            "version": "3.15.3",
            "resolved": "https://registry.npmjs.org/mysql2/-/mysql2-3.15.3.tgz",
            "integrity": "sha512-FBrGau0IXmuqg4haEZRBfHNWB5mUARw6hNwPDXXGg0XzVJ50mr/9hb267lvpVMnhZ1FON3qNd4Xfcez1rbFwSg==",
            "license": "MIT",
            "dependencies": {
                "aws-ssl-profiles": "^1.1.1",
                "denque": "^2.1.0",
                "generate-function": "^2.3.1",
                "iconv-lite": "^0.7.0",
                "long": "^5.2.1",
                "lru.min": "^1.0.0",
                "named-placeholders": "^1.1.3",
                "seq-queue": "^0.0.5",
                "sqlstring": "^2.3.2"
            },
            "engines": {
                "node": ">= 8.0"
            }
        },
        "node_modules/mysql2/node_modules/iconv-lite": {
            "version": "0.7.0",
            "resolved": "https://registry.npmjs.org/iconv-lite/-/iconv-lite-0.7.0.tgz",
            "integrity": "sha512-cf6L2Ds3h57VVmkZe+Pn+5APsT7FpqJtEhhieDCvrE2MK5Qk9MyffgQyuxQTm6BChfeZNtcOLHp9IcWRVcIcBQ==",
            "license": "MIT",
            "dependencies": {
                "safer-buffer": ">= 2.1.2 < 3.0.0"
            },
            "engines": {
                "node": ">=0.10.0"
            },
            "funding": {
                "type": "opencollective",
                "url": "https://opencollective.com/express"
            }
        },
        "node_modules/named-placeholders": {
            "version": "1.1.3",
            "resolved": "https://registry.npmjs.org/named-placeholders/-/named-placeholders-1.1.3.tgz",
            "integrity": "sha512-eLoBxg6wE/rZkJPhU/xRX1WTpkFEwDJEN96oxFrTsqBdbT5ec295Q+CoHrL9IT0DipqKhmGcaZmwOt8OON5x1w==",
            "license": "MIT",
            "dependencies": {
                "lru-cache": "^7.14.1"
            },
            "engines": {
                "node": ">=12.0.0"
            }
        },
        "node_modules/safer-buffer": {
            "version": "2.1.2",
            "resolved": "https://registry.npmjs.org/safer-buffer/-/safer-buffer-2.1.2.tgz",
            "integrity": "sha512-YZo3K82SD7Riyi0E1EQPojLz7kpepnSQI9IyPbHHg1XXXevb5dJI7tpyN2ADxGcQbHG7vcyRHk0cbwqcQriUtg==",
            "license": "MIT"
        },
        "node_modules/seq-queue": {
            "version": "0.0.5",
            "resolved": "https://registry.npmjs.org/seq-queue/-/seq-queue-0.0.5.tgz",
            "integrity": "sha512-hr3Wtp/GZIc/6DAGPDcV4/9WoZhjrkXsi5B/07QgX8tsdc6ilr7BFM6PM6rbdAX1kFSDYeZGLipIZZKyQP0O5Q=="
        },
        "node_modules/setprototypeof": {
            "version": "1.2.0",
            "resolved": "https://registry.npmjs.org/setprototypeof/-/setprototypeof-1.2.0.tgz",
            "integrity": "sha512-E5LDX7Wrp85Kil5bhZv46j8jOeboKq5JMmYM3gVGdGH8xFpPWXUMsNrlODCrkoxMEeNi/XZIwuRvY4XNwYMJpw==",
            "license": "ISC"
        },
        "node_modules/sqlstring": {
            "version": "2.3.3",
            "resolved": "https://registry.npmjs.org/sqlstring/-/sqlstring-2.3.3.tgz",
            "integrity": "sha512-qC9iz2FlN7DQl3+wjwn3802RTyjCx7sDvfQEXchwa6CWOx07/WVfh91gBmQ9fahw8snwGEWU3xGzOt4tFyHLxg==",
            "license": "MIT",
            "engines": {
                "node": ">= 0.6"
            }
        },
        "node_modules/statuses": {
            "version": "2.0.1",
            "resolved": "https://registry.npmjs.org/statuses/-/statuses-2.0.1.tgz",
            "integrity": "sha512-RwNA9Z/7PrK06rYLIzFMlaF+l73iwpzsqRIFgbMLbTcLD6cOao82TaWefPXQvB2fOC4AjuYSEndS7N/mTCbkdQ==",
            "license": "MIT",
            "engines": {
                "node": ">= 0.8"
            }
        },
        "node_modules/toidentifier": {
            "version": "1.0.1",
            "resolved": "https://registry.npmjs.org/toidentifier/-/toidentifier-1.0.1.tgz",
            "integrity": "sha512-o5sSPKEkg/DIQNmH43V0/uerLrpzVedkUh8tGNvaeXpfpuwjKenlSox/2O/BTlZUtEe+JG7s5YhEz608PlAHRA==",
            "license": "MIT",
            "engines": {
                "node": ">=0.6"
            }
        },
        "node_modules/unpipe": {
            "version": "1.0.0",
            "resolved": "https://registry.npmjs.org/unpipe/-/unpipe-1.0.0.tgz",
            "integrity": "sha512-pjy2bYhSsufwWlKwPc+l3cN7+wuJlK6uz0YdJEOlQDbl6jo/YlPi4mb8agUkVC8BF7V8NuzeyPNqRksA3hztKQ==",
            "license": "MIT",
            "engines": {
                "node": ">= 0.8"
            }
        },
        "node_modules/zod": {
            "version": "3.25.76",
            "resolved": "https://registry.npmjs.org/zod/-/zod-3.25.76.tgz",
            "integrity": "sha512-gzUt/qt81nXsFGKIFcC3YnfEAx5NkunCfnDlvuBSSFS02bcXu4Lmea0AFIUwbLWxWPx3d9p8S5QoaujKcNQxcQ==",
            "license": "MIT",
            "funding": {
                "url": "https://github.com/sponsors/colinhacks"
            }
        }
    }
}
